Microsoft Visual Studio Solution File, Format Version 12.00
# Visual Studio Version 17
VisualStudioVersion = 17.0.31903.59
MinimumVisualStudioVersion = 10.0.40219.1
Project("{FAE04EC0-301F-11D3-BF4B-00C04F79EFBC}") = "Taschenrechner", "Taschenrechner_Own\Taschenrechner.csproj", "{BC6B260A-8C71-4CE7-A9B3-A828717BCC89}"
EndProject
Project("{FAE04EC0-301F-11D3-BF4B-00C04F79EFBC}") = "Taschenrechner_MVVM", "Taschenrechner_Own_MVVM\Taschenrechner_MVVM.csproj", "{EE06E8D1-31FC-4D4B-B767-6F55DCE31013}"
EndProject
Project("{FAE04EC0-301F-11D3-BF4B-00C04F79EFBC}") = "Taschenrechner_MVVM.Test", "Taschenrechner_Own_MVVM.Test\Taschenrechner_MVVM.Test.csproj", "{8983F8D9-513D-4FA8-8B3B-3086EC4164E3}"
EndProject
Project("{FAE04EC0-301F-11D3-BF4B-00C04F79EFBC}") = "Taschenrechner_E2e", "Taschenrechner_Own_E2e_New\Taschenrechner_E2e.csproj", "{6EA2C8B8-1C3D-4B86-B4BC-78D5B70478BB}"
EndProject
Global
	GlobalSection(SolutionConfigurationPlatforms) = preSolution
		Debug|Any CPU = Debug|Any CPU
		Release|Any CPU = Release|Any CPU
	EndGlobalSection
	GlobalSection(ProjectConfigurationPlatforms) = postSolution
		{BC6B260A-8C71-4CE7-A9B3-A828717BCC89}.Debug|Any CPU.ActiveCfg = Debug|Any CPU
		{BC6B260A-8C71-4CE7-A9B3-A828717BCC89}.Debug|Any CPU.Build.0 = Debug|Any CPU
		{BC6B260A-8C71-4CE7-A9B3-A828717BCC89}.Release|Any CPU.ActiveCfg = Release|Any CPU
		{BC6B260A-8C71-4CE7-A9B3-A828717BCC89}.Release|Any CPU.Build.0 = Release|Any CPU
		{EE06E8D1-31FC-4D4B-B767-6F55DCE31013}.Debug|Any CPU.ActiveCfg = Debug|Any CPU
		{EE06E8D1-31FC-4D4B-B767-6F55DCE31013}.Debug|Any CPU.Build.0 = Debug|Any CPU
		{EE06E8D1-31FC-4D4B-B767-6F55DCE31013}.Release|Any CPU.ActiveCfg = Release|Any CPU
		{EE06E8D1-31FC-4D4B-B767-6F55DCE31013}.Release|Any CPU.Build.0 = Release|Any CPU
		{8983F8D9-513D-4FA8-8B3B-3086EC4164E3}.Debug|Any CPU.ActiveCfg = Debug|Any CPU
		{8983F8D9-513D-4FA8-8B3B-3086EC4164E3}.Debug|Any CPU.Build.0 = Debug|Any CPU
		{8983F8D9-513D-4FA8-8B3B-3086EC4164E3}.Release|Any CPU.ActiveCfg = Release|Any CPU
		{8983F8D9-513D-4FA8-8B3B-3086EC4164E3}.Release|Any CPU.Build.0 = Release|Any CPU
		{6EA2C8B8-1C3D-4B86-B4BC-78D5B70478BB}.Debug|Any CPU.ActiveCfg = Debug|Any CPU
		{6EA2C8B8-1C3D-4B86-B4BC-78D5B70478BB}.Debug|Any CPU.Build.0 = Debug|Any CPU
		{6EA2C8B8-1C3D-4B86-B4BC-78D5B70478BB}.Release|Any CPU.ActiveCfg = Release|Any CPU
		{6EA2C8B8-1C3D-4B86-B4BC-78D5B70478BB}.Release|Any CPU.Build.0 = Release|Any CPU
	EndGlobalSection
	GlobalSection(SolutionProperties) = preSolution
		HideSolutionNode = FALSE
	EndGlobalSection
	GlobalSection(ExtensibilityGlobals) = postSolution
		SolutionGuid = {86CCA33B-2D4A-405D-87AD-FBFB4530E96A}
	EndGlobalSection
EndGlobal
